
Microsoft Visual Studio Solution File, Format Version 12.00
# Visual Studio Version 17
VisualStudioVersion = 17.5.33414.496
MinimumVisualStudioVersion = 10.0.40219.1
Project("{FAE04EC0-301F-11D3-BF4B-00C04F79EFBC}") = "test", "test\test.csproj", "{9BC852B9-777E-4133-A2EC-212265785D4B}"
EndProject
Global
	GlobalSection(SolutionConfigurationPlatforms) = preSolution
		Debug|Any CPU = Debug|Any CPU
		Release|Any CPU = Release|Any CPU
	EndGlobalSection
	GlobalSection(ProjectConfigurationPlatforms) = postSolution
		{9BC852B9-777E-4133-A2EC-212265785D4B}.Debug|Any CPU.ActiveCfg = Debug|Any CPU
		{9BC852B9-777E-4133-A2EC-212265785D4B}.Debug|Any CPU.Build.0 = Debug|Any CPU
		{9BC852B9-777E-4133-A2EC-212265785D4B}.Release|Any CPU.ActiveCfg = Release|Any CPU
		{9BC852B9-777E-4133-A2EC-212265785D4B}.Release|Any CPU.Build.0 = Release|Any CPU
	EndGlobalSection
	GlobalSection(SolutionProperties) = preSolution
		HideSolutionNode = FALSE
	EndGlobalSection
	GlobalSection(ExtensibilityGlobals) = postSolution
		SolutionGuid = {3FC0ED85-524F-47AE-8E90-B70548832E98}
	EndGlobalSection
EndGlobal
